
Microsoft Visual Studio Solution File, Format Version 12.00
# Visual Studio Version 17
VisualStudioVersion = 17.11.35327.3
MinimumVisualStudioVersion = 10.0.40219.1
Project("{FAE04EC0-301F-11D3-BF4B-00C04F79EFBC}") = "Lab7", "Lab7\Lab7.csproj", "{ECDD90F3-8D3E-4793-84BD-C8A4EB6DC366}"
EndProject
Project("{FAE04EC0-301F-11D3-BF4B-00C04F79EFBC}") = "Lab7-2", "Lab7-2\Lab7-2.csproj", "{0830F985-7385-4567-8F35-BA852F131238}"
EndProject
Project("{FAE04EC0-301F-11D3-BF4B-00C04F79EFBC}") = "Lab7-3", "Lab7-3\Lab7-3.csproj", "{865D67B9-21A3-451B-8E44-A7540EBD6A50}"
EndProject
Project("{FAE04EC0-301F-11D3-BF4B-00C04F79EFBC}") = "Lab7-4", "Lab7-4\Lab7-4.csproj", "{9ADE4A4E-68EB-4127-8581-0A6EE040098D}"
EndProject
Project("{FAE04EC0-301F-11D3-BF4B-00C04F79EFBC}") = "Lab7-ex1", "Lab7-ex1\Lab7-ex1.csproj", "{97A71C4F-59C6-45B5-94E0-BC52BEC1E166}"
EndProject
Project("{FAE04EC0-301F-11D3-BF4B-00C04F79EFBC}") = "Lab7-ex3", "Lab7-ex3\Lab7-ex3.csproj", "{19844C8B-06BE-4144-B75D-2BDFE7C265CF}"
EndProject
Global
	GlobalSection(SolutionConfigurationPlatforms) = preSolution
		Debug|Any CPU = Debug|Any CPU
		Release|Any CPU = Release|Any CPU
	EndGlobalSection
	GlobalSection(ProjectConfigurationPlatforms) = postSolution
		{ECDD90F3-8D3E-4793-84BD-C8A4EB6DC366}.Debug|Any CPU.ActiveCfg = Debug|Any CPU
		{ECDD90F3-8D3E-4793-84BD-C8A4EB6DC366}.Debug|Any CPU.Build.0 = Debug|Any CPU
		{ECDD90F3-8D3E-4793-84BD-C8A4EB6DC366}.Release|Any CPU.ActiveCfg = Release|Any CPU
		{ECDD90F3-8D3E-4793-84BD-C8A4EB6DC366}.Release|Any CPU.Build.0 = Release|Any CPU
		{0830F985-7385-4567-8F35-BA852F131238}.Debug|Any CPU.ActiveCfg = Debug|Any CPU
		{0830F985-7385-4567-8F35-BA852F131238}.Debug|Any CPU.Build.0 = Debug|Any CPU
		{0830F985-7385-4567-8F35-BA852F131238}.Release|Any CPU.ActiveCfg = Release|Any CPU
		{0830F985-7385-4567-8F35-BA852F131238}.Release|Any CPU.Build.0 = Release|Any CPU
		{865D67B9-21A3-451B-8E44-A7540EBD6A50}.Debug|Any CPU.ActiveCfg = Debug|Any CPU
		{865D67B9-21A3-451B-8E44-A7540EBD6A50}.Debug|Any CPU.Build.0 = Debug|Any CPU
		{865D67B9-21A3-451B-8E44-A7540EBD6A50}.Release|Any CPU.ActiveCfg = Release|Any CPU
		{865D67B9-21A3-451B-8E44-A7540EBD6A50}.Release|Any CPU.Build.0 = Release|Any CPU
		{9ADE4A4E-68EB-4127-8581-0A6EE040098D}.Debug|Any CPU.ActiveCfg = Debug|Any CPU
		{9ADE4A4E-68EB-4127-8581-0A6EE040098D}.Debug|Any CPU.Build.0 = Debug|Any CPU
		{9ADE4A4E-68EB-4127-8581-0A6EE040098D}.Release|Any CPU.ActiveCfg = Release|Any CPU
		{9ADE4A4E-68EB-4127-8581-0A6EE040098D}.Release|Any CPU.Build.0 = Release|Any CPU
		{97A71C4F-59C6-45B5-94E0-BC52BEC1E166}.Debug|Any CPU.ActiveCfg = Debug|Any CPU
		{97A71C4F-59C6-45B5-94E0-BC52BEC1E166}.Debug|Any CPU.Build.0 = Debug|Any CPU
		{97A71C4F-59C6-45B5-94E0-BC52BEC1E166}.Release|Any CPU.ActiveCfg = Release|Any CPU
		{97A71C4F-59C6-45B5-94E0-BC52BEC1E166}.Release|Any CPU.Build.0 = Release|Any CPU
		{19844C8B-06BE-4144-B75D-2BDFE7C265CF}.Debug|Any CPU.ActiveCfg = Debug|Any CPU
		{19844C8B-06BE-4144-B75D-2BDFE7C265CF}.Debug|Any CPU.Build.0 = Debug|Any CPU
		{19844C8B-06BE-4144-B75D-2BDFE7C265CF}.Release|Any CPU.ActiveCfg = Release|Any CPU
		{19844C8B-06BE-4144-B75D-2BDFE7C265CF}.Release|Any CPU.Build.0 = Release|Any CPU
	EndGlobalSection
	GlobalSection(SolutionProperties) = preSolution
		HideSolutionNode = FALSE
	EndGlobalSection
	GlobalSection(ExtensibilityGlobals) = postSolution
		SolutionGuid = {2914541A-D42C-47C1-911C-B64B0E4501D7}
	EndGlobalSection
EndGlobal
