
Microsoft Visual Studio Solution File, Format Version 12.00
# Visual Studio Version 17
VisualStudioVersion = 17.11.35327.3
MinimumVisualStudioVersion = 10.0.40219.1
Project("{FAE04EC0-301F-11D3-BF4B-00C04F79EFBC}") = "Lab6", "Lab6\Lab6.csproj", "{96BDDEBE-C494-4086-9047-C9E4F6486F4A}"
EndProject
Project("{FAE04EC0-301F-11D3-BF4B-00C04F79EFBC}") = "Lab6-1", "Lab6-1\Lab6-1.csproj", "{736192F4-8D58-4759-9722-406E2276B174}"
EndProject
Project("{FAE04EC0-301F-11D3-BF4B-00C04F79EFBC}") = "Lab6-2", "Lab6-2\Lab6-2.csproj", "{433754AE-B679-4942-9773-1498D755DF79}"
EndProject
Project("{FAE04EC0-301F-11D3-BF4B-00C04F79EFBC}") = "Lab6-3", "Lab6-3\Lab6-3.csproj", "{C1AA4660-65EA-453D-826A-2C175E5C8FF1}"
EndProject
Global
	GlobalSection(SolutionConfigurationPlatforms) = preSolution
		Debug|Any CPU = Debug|Any CPU
		Release|Any CPU = Release|Any CPU
	EndGlobalSection
	GlobalSection(ProjectConfigurationPlatforms) = postSolution
		{96BDDEBE-C494-4086-9047-C9E4F6486F4A}.Debug|Any CPU.ActiveCfg = Debug|Any CPU
		{96BDDEBE-C494-4086-9047-C9E4F6486F4A}.Debug|Any CPU.Build.0 = Debug|Any CPU
		{96BDDEBE-C494-4086-9047-C9E4F6486F4A}.Release|Any CPU.ActiveCfg = Release|Any CPU
		{96BDDEBE-C494-4086-9047-C9E4F6486F4A}.Release|Any CPU.Build.0 = Release|Any CPU
		{736192F4-8D58-4759-9722-406E2276B174}.Debug|Any CPU.ActiveCfg = Debug|Any CPU
		{736192F4-8D58-4759-9722-406E2276B174}.Debug|Any CPU.Build.0 = Debug|Any CPU
		{736192F4-8D58-4759-9722-406E2276B174}.Release|Any CPU.ActiveCfg = Release|Any CPU
		{736192F4-8D58-4759-9722-406E2276B174}.Release|Any CPU.Build.0 = Release|Any CPU
		{433754AE-B679-4942-9773-1498D755DF79}.Debug|Any CPU.ActiveCfg = Debug|Any CPU
		{433754AE-B679-4942-9773-1498D755DF79}.Debug|Any CPU.Build.0 = Debug|Any CPU
		{433754AE-B679-4942-9773-1498D755DF79}.Release|Any CPU.ActiveCfg = Release|Any CPU
		{433754AE-B679-4942-9773-1498D755DF79}.Release|Any CPU.Build.0 = Release|Any CPU
		{C1AA4660-65EA-453D-826A-2C175E5C8FF1}.Debug|Any CPU.ActiveCfg = Debug|Any CPU
		{C1AA4660-65EA-453D-826A-2C175E5C8FF1}.Debug|Any CPU.Build.0 = Debug|Any CPU
		{C1AA4660-65EA-453D-826A-2C175E5C8FF1}.Release|Any CPU.ActiveCfg = Release|Any CPU
		{C1AA4660-65EA-453D-826A-2C175E5C8FF1}.Release|Any CPU.Build.0 = Release|Any CPU
	EndGlobalSection
	GlobalSection(SolutionProperties) = preSolution
		HideSolutionNode = FALSE
	EndGlobalSection
	GlobalSection(ExtensibilityGlobals) = postSolution
		SolutionGuid = {16D9B70D-DEB4-42A4-A22F-1D5B0DA2A5CF}
	EndGlobalSection
EndGlobal
